
Microsoft Visual Studio Solution File, Format Version 12.00
# Visual Studio Version 17
VisualStudioVersion = 17.5.33516.290
MinimumVisualStudioVersion = 10.0.40219.1
Project("{2150E333-8FDC-42A3-9474-1A3956D46DE8}") = "Frontend", "Frontend", "{9C50DFCD-EFF2-4660-A671-BD8379BAD200}"
EndProject
Project("{FAE04EC0-301F-11D3-BF4B-00C04F79EFBC}") = "Mango.Web", "Mango.Web\Mango.Web.csproj", "{50A0EA01-0BD3-46C8-8F38-EB92D3AADAE4}"
EndProject
Global
	GlobalSection(SolutionConfigurationPlatforms) = preSolution
		Debug|Any CPU = Debug|Any CPU
		Release|Any CPU = Release|Any CPU
	EndGlobalSection
	GlobalSection(ProjectConfigurationPlatforms) = postSolution
		{50A0EA01-0BD3-46C8-8F38-EB92D3AADAE4}.Debug|Any CPU.ActiveCfg = Debug|Any CPU
		{50A0EA01-0BD3-46C8-8F38-EB92D3AADAE4}.Debug|Any CPU.Build.0 = Debug|Any CPU
		{50A0EA01-0BD3-46C8-8F38-EB92D3AADAE4}.Release|Any CPU.ActiveCfg = Release|Any CPU
		{50A0EA01-0BD3-46C8-8F38-EB92D3AADAE4}.Release|Any CPU.Build.0 = Release|Any CPU
	EndGlobalSection
	GlobalSection(SolutionProperties) = preSolution
		HideSolutionNode = FALSE
	EndGlobalSection
	GlobalSection(NestedProjects) = preSolution
		{50A0EA01-0BD3-46C8-8F38-EB92D3AADAE4} = {9C50DFCD-EFF2-4660-A671-BD8379BAD200}
	EndGlobalSection
	GlobalSection(ExtensibilityGlobals) = postSolution
		SolutionGuid = {C3500CD8-7976-4548-8FFC-50BC3D63B6E4}
	EndGlobalSection
EndGlobal
